
Microsoft Visual Studio Solution File, Format Version 12.00
# Visual Studio Version 17
VisualStudioVersion = 17.5.002.0
MinimumVisualStudioVersion = 10.0.40219.1
Project("{9A19103F-16F7-4668-BE54-9A1E7A4F7556}") = "Movies APIs", "Movies APIs.csproj", "{8444427F-C281-434F-95E0-BFC44A5B74AD}"
EndProject
Global
	GlobalSection(SolutionConfigurationPlatforms) = preSolution
		Debug|Any CPU = Debug|Any CPU
		Release|Any CPU = Release|Any CPU
	EndGlobalSection
	GlobalSection(ProjectConfigurationPlatforms) = postSolution
		{8444427F-C281-434F-95E0-BFC44A5B74AD}.Debug|Any CPU.ActiveCfg = Debug|Any CPU
		{8444427F-C281-434F-95E0-BFC44A5B74AD}.Debug|Any CPU.Build.0 = Debug|Any CPU
		{8444427F-C281-434F-95E0-BFC44A5B74AD}.Release|Any CPU.ActiveCfg = Release|Any CPU
		{8444427F-C281-434F-95E0-BFC44A5B74AD}.Release|Any CPU.Build.0 = Release|Any CPU
	EndGlobalSection
	GlobalSection(SolutionProperties) = preSolution
		HideSolutionNode = FALSE
	EndGlobalSection
	GlobalSection(ExtensibilityGlobals) = postSolution
		SolutionGuid = {44E1CDE2-B276-43C7-B8C2-4625899ADBB8}
	EndGlobalSection
EndGlobal
